cloud.google.com/go v0.34.0 h1:eOI3/cP2VTU6uZLDYAoic+eyzzB9YyGmJ7eIjl8rOPg=
cloud.google.com/go v0.34.0/go.mod h1:aQUYkXzVsufM+DwF1aE+0xfcU+56JwCaLick0ClmMTw=
github.com/BurntSushi/toml v0.3.1 h1:WXkYYl6Yr3qBf1K79EBnL4mak0OimBfB0XUf9Vl28OQ=
github.com/BurntSushi/toml v0.3.1/go.mod h1:xHWCNGjB5oqiDr8zfno3MHue2Ht5sIBksp03qcyfWMU=
github.com/PuerkitoBio/goquery v1.5.1/go.mod h1:GsLWisAFVj4WgDibEWF4pvYnkVQBpKBKeU+7zCJoLcc=
github.com/Shaked/gomobiledetect v0.0.0-20171211181707-25f014f66568 h1:p9o1sZ/DTGr7HbztLxf7Z5yc6ymGWJHTOK4fCNlHDa0=
github.com/Shaked/gomobiledetect v0.0.0-20171211181707-25f014f66568/go.mod h1:5Yu1YVbQZw+wQLwJqyxXA6MYOGukCoXszWTw/S8dWnY=
github.com/andybalholm/cascadia v1.1.0/go.mod h1:GsXiBklL0woXo1j/WYWtSYYC4ouU9PqHO0sqidkEA4Y=
github.com/asaskevich/govalidator v0.0.0-20200428143746-21a406dcc535 h1:4daAzAu0S6Vi7/lbWECcX0j45yZReDZ56BQsrVBOEEY=
github.com/asaskevich/govalidator v0.0.0-20200428143746-21a406dcc535/go.mod h1:oGkLhpf+kjZl6xBf758TQhh5XrAeiJv/7FRz/2spLIg=
github.com/aws/aws-sdk-go v1.34.8 h1:GDfVeXG8XQDbpOeAj7415F8qCQZwvY/k/fj+HBqUnBA=
github.com/aws/aws-sdk-go v1.34.8/go.mod h1:5zCpMtNQVjRREroY7sYe8lOMRSxkhG6MZveU8YkpAk0=
github.com/aymerick/douceur v0.2.0 h1:Mv+mAeH1Q+n9Fr+oyamOlAkUNPWPlA8PPGR0QAaYuPk=
github.com/aymerick/douceur v0.2.0/go.mod h1:wlT5vV2O3h55X9m7iVYN0TBM0NH/MmbLnd30/FjWUq4=
github.com/azumads/faker v0.0.0-20150921074035-6cae71ddb107 h1:1xCUqbLLqz3OCYzdxAqBd7ZHT6qYLY/uwZh2FfepfGA=
github.com/azumads/faker v0.0.0-20150921074035-6cae71ddb107/go.mod h1:o2l/Pkxm4WT1YKjbR1E8fsToXKDPCfY8GrmqATdIEb0=
github.com/chris-ramon/douceur v0.2.0 h1:IDMEdxlEUUBYBKE4z/mJnFyVXox+MjuEVDJNN27glkU=
github.com/chris-ramon/douceur v0.2.0/go.mod h1:wDW5xjJdeoMm1mRt4sD4c/LbF/mWdEpRXQKjTR8nIBE=
github.com/containous/go-bindata v1.0.0 h1:ZpunUnBEVuQ1BUbhTuhhbsPU2crte+qD3Jg9NCol4o0=
github.com/containous/go-bindata v1.0.0/go.mod h1:wrtxd41xkdQM2ejRCncH0CwN0YEyACBzOy3S3gl0sVU=
github.com/davecgh/go-spew v1.1.0/go.mod h1:J7Y8YcW2NihsgmVo/mv3lAwl/skON4iLHjSsI+c5H38=
github.com/denisenkom/go-mssqldb v0.0.0-20191124224453-732737034ffd/go.mod h1:xbL0rPBG9cCiLr28tMa8zpbdarY27NDyej4t/EjAShU=
github.com/dgrijalva/jwt-go v3.2.0+incompatible h1:7qlOGliEKZXTDg6OTjfoBKDXWrumCAMpl/TFQ4/5kLM=
github.com/dgrijalva/jwt-go v3.2.0+incompatible/go.mod h1:E3ru+11k8xSBh+hMPgOLZmtrrCbhqsmaPHjLKYnJCaQ=
github.com/disintegration/imaging v1.6.2 h1:w1LecBlG2Lnp8B3jk5zSuNqd7b4DXhcjwek1ei82L+c=
github.com/disintegration/imaging v1.6.2/go.mod h1:44/5580QXChDfwIclfc/PCwrr44amcmDAg8hxG0Ewe4=
github.com/eknkc/amber v0.0.0-20171010120322-cdade1c07385/go.mod h1:0vRUJqYpeSZifjYj7uP3BG/gKcuzL9xWVV/Y+cK33KM=
github.com/erikstmartin/go-testdb v0.0.0-20160219214506-8d10e4a1bae5/go.mod h1:a2zkGnVExMxdzMo3M0Hi/3sEU+cWnZpSni0O6/Yb/P0=
github.com/fatih/color v1.9.0 h1:8xPHl4/q1VyqGIPif1F+1V3Y3lSmrq01EabUW3CoW5s=
github.com/fatih/color v1.9.0/go.mod h1:eQcE1qtQxscV5RaZvpXrrb8Drkc3/DdQ+uUYCNjL+zU=
github.com/go-chi/chi v4.1.2+incompatible h1:fGFk2Gmi/YKXk0OmGfBh0WgmN3XB8lVnEyNz34tQRec=
github.com/go-chi/chi v4.1.2+incompatible/go.mod h1:eB3wogJHnLi3x/kFX2A+IbTBlXxmMeXJVKy9tTv1XzQ=
github.com/go-sql-driver/mysql v1.5.0 h1:ozyZYNQW3x3HtqT1jira07DN2PArx2v7/mN66gGcHOs=
github.com/go-sql-driver/mysql v1.5.0/go.mod h1:DCzpHaOWr8IXmIStZouvnhqoel9Qv2LBy8hT2VhHyBg=
github.com/golang-sql/civil v0.0.0-20190719163853-cb61b32ac6fe/go.mod h1:8vg3r2VgvsThLBIFL93Qb5yWzgyZWhEmBwUJWevAkK0=
github.com/golang/protobuf v1.2.0/go.mod h1:6lQm79b+lXiMfvg/cZm0SGofjICqVBUtrP5yJMmIC1U=
github.com/google/go-github v17.0.0+incompatible h1:N0LgJ1j65A7kfXrZnUDaYCs/Sf4rEjNlfyDHW9dolSY=
github.com/google/go-github v17.0.0+incompatible/go.mod h1:zLgOLi98H3fifZn+44m+umXrS52loVEgC2AApnigrVQ=
github.com/google/go-querystring v1.0.0 h1:Xkwi/a1rcvNg1PPYe5vI8GbeBY/jrVuDX5ASuANWTrk=
github.com/google/go-querystring v1.0.0/go.mod h1:odCYkC5MyYFN7vkCjXpyrEuKhc/BUO6wN/zVPAxq5ck=
github.com/gorilla/context v1.1.1 h1:AWwleXJkX/nhcU9bZSnZoi3h/qGYqQAGhq6zZe/aQW8=
github.com/gorilla/context v1.1.1/go.mod h1:kBGZzfjB9CEq2AlWe17Uuf7NDRt0dE0s8S51q0aT7Yg=
github.com/gorilla/css v1.0.0 h1:BQqNyPTi50JCFMTw/b67hByjMVXZRwGha6wxVGkeihY=
github.com/gorilla/css v1.0.0/go.mod h1:Dn721qIggHpt4+EFCcTLTU/vk5ySda2ReITrtgBl60c=
github.com/gorilla/schema v1.1.0 h1:CamqUDOFUBqzrvxuz2vEwo8+SUdwsluFh7IlzJh30LY=
github.com/gorilla/schema v1.1.0/go.mod h1:kgLaKoK1FELgZqMAVxx/5cbj0kT+57qxUrAlIO2eleU=
github.com/gorilla/securecookie v1.1.1 h1:miw7JPhV+b/lAHSXz4qd/nN9jRiAFV5FwjeKyCS8BvQ=
github.com/gorilla/securecookie v1.1.1/go.mod h1:ra0sb63/xPlUeL+yeDciTfxMRAA+MP+HVt/4epWDjd4=
github.com/gorilla/sessions v1.2.0 h1:S7P+1Hm5V/AT9cjEcUD5uDaQSX0OE577aCXgoaKpYbQ=
github.com/gorilla/sessions v1.2.0/go.mod h1:dk2InVEVJ0sfLlnXv9EAgkf6ecYs/i80K/zI+bUmuGM=
github.com/gosimple/slug v1.9.0 h1:r5vDcYrFz9BmfIAMC829un9hq7hKM4cHUrsv36LbEqs=
github.com/gosimple/slug v1.9.0/go.mod h1:AMZ+sOVe65uByN3kgEyf9WEBKBCSS+dJjMX9x4vDJbg=
github.com/jinzhu/configor v1.2.0 h1:u78Jsrxw2+3sGbGMgpY64ObKU4xWCNmNRJIjGVqxYQA=
github.com/jinzhu/configor v1.2.0/go.mod h1:nX89/MOmDba7ZX7GCyU/VIaQ2Ar2aizBl2d3JLF/rDc=
github.com/jinzhu/copier v0.0.0-20190924061706-b57f9002281a h1:zPPuIq2jAWWPTrGt70eK/BSch+gFAGrNzecsoENgu2o=
github.com/jinzhu/copier v0.0.0-20190924061706-b57f9002281a/go.mod h1:yL958EeXv8Ylng6IfnvG4oflryUi3vgA3xPs9hmII1s=
github.com/jinzhu/gorm v1.9.1 h1:lDSDtsCt5AGGSKTs8AHlSDbbgif4G4+CKJ8ETBDVHTA=
github.com/jinzhu/gorm v1.9.1/go.mod h1:Vla75njaFJ8clLU1W44h34PjIkijhjHIYnZxMqCdxqo=
github.com/jinzhu/gorm v1.9.14/go.mod h1:G3LB3wezTOWM2ITLzPxEXgSkOXAntiLHS7UdBefADcs=
github.com/jinzhu/gorm v1.9.15 h1:OdR1qFvtXktlxk73XFYMiYn9ywzTwytqe4QkuMRqc38=
github.com/jinzhu/gorm v1.9.15/go.mod h1:G3LB3wezTOWM2ITLzPxEXgSkOXAntiLHS7UdBefADcs=
github.com/jinzhu/gorm v1.9.16 h1:+IyIjPEABKRpsu/F8OvDPy9fyQlgsg2luMV2ZIH5i5o=
github.com/jinzhu/gorm v1.9.16/go.mod h1:G3LB3wezTOWM2ITLzPxEXgSkOXAntiLHS7UdBefADcs=
github.com/jinzhu/inflection v1.0.0 h1:K317FqzuhWc8YvSVlFMCCUb36O/S9MCKRDI7QkRKD/E=
github.com/jinzhu/inflection v1.0.0/go.mod h1:h+uFLlag+Qp1Va5pdKtLDYj+kHp5pxUVkryuEj+Srlc=
github.com/jinzhu/now v1.0.1/go.mod h1:d3SSVoowX0Lcu0IBviAWJpolVfI5UJVZZ7cO71lE/z8=
github.com/jinzhu/now v1.1.1 h1:g39TucaRWyV3dwDO++eEc6qf8TVIQ/Da48WmqjZ3i7E=
github.com/jinzhu/now v1.1.1/go.mod h1:d3SSVoowX0Lcu0IBviAWJpolVfI5UJVZZ7cO71lE/z8=
github.com/jmespath/go-jmespath v0.3.0 h1:OS12ieG61fsCg5+qLJ+SsW9NicxNkg3b25OyT2yCeUc=
github.com/jmespath/go-jmespath v0.3.0/go.mod h1:9QtRXoHjLGCJ5IBSaohpXITPlowMeeYCZ7fLUTSywik=
github.com/jteeuwen/go-bindata v3.0.7+incompatible h1:91Uy4d9SYVr1kyTJ15wJsog+esAZZl7JmEfTkwmhJts=
github.com/jteeuwen/go-bindata v3.0.7+incompatible/go.mod h1:JVvhzYOiGBnFSYRyV00iY8q7/0PThjIYav1p9h5dmKs=
github.com/kr/pretty v0.1.0/go.mod h1:dAy3ld7l9f0ibDNOQOHHMYYIIbhfbHSm3C4ZsoJORNo=
github.com/kr/pty v1.1.1/go.mod h1:pFQYn66WHrOpPYNljwOMqo10TkYh1fy3cYio2l3bCsQ=
github.com/kr/text v0.1.0/go.mod h1:4Jbv+DJW3UT/LiOwJeYQe1efqtUx/iVham/4vfdArNI=
github.com/lib/pq v1.1.1/go.mod h1:5WUZQaWbwv1U+lTReE5YruASi9Al49XbQIvNi/34Woo=
github.com/lib/pq v1.8.0 h1:9xohqzkUwzR4Ga4ivdTcawVS89YSDVxXMa3xJX3cGzg=
github.com/lib/pq v1.8.0/go.mod h1:AlVN5x4E4T544tWzH6hKfbfQvm3HdbOxrmggDNAPY9o=
github.com/mattn/go-colorable v0.1.4 h1:snbPLB8fVfU9iwbbo30TPtbLRzwWu6aJS6Xh4eaaviA=
github.com/mattn/go-colorable v0.1.4/go.mod h1:U0ppj6V5qS13XJ6of8GYAs25YV2eR4EVcfRqFIhoBtE=
github.com/mattn/go-isatty v0.0.8/go.mod h1:Iq45c/XA43vh69/j3iqttzPXn0bhXyGjM0Hdxcsrc5s=
github.com/mattn/go-isatty v0.0.11 h1:FxPOTFNqGkuDUGi3H/qkUbQO4ZiBa2brKq5r0l8TGeM=
github.com/mattn/go-isatty v0.0.11/go.mod h1:PhnuNfih5lzO57/f3n+odYbM4JtupLOxQOAqxQCu2WE=
github.com/mattn/go-sqlite3 v1.14.0/go.mod h1:JIl7NbARA7phWnGvh0LKTyg7S9BA+6gx71ShQilpsus=
github.com/microcosm-cc/bluemonday v1.0.3/go.mod h1:8iwZnFn2CDDNZ0r6UXhF4xawGvzaqzCRa1n3/lO3W2w=
github.com/microcosm-cc/bluemonday v1.0.4 h1:p0L+CTpo/PLFdkoPcJemLXG+fpMD7pYOoDEq1axMbGg=
github.com/microcosm-cc/bluemonday v1.0.4/go.mod h1:8iwZnFn2CDDNZ0r6UXhF4xawGvzaqzCRa1n3/lO3W2w=
github.com/mrjones/oauth v0.0.0-20190623134757-126b35219450 h1:j2kD3MT1z4PXCiUllUJF9mWUESr9TWKS7iEKsQ/IipM=
github.com/mrjones/oauth v0.0.0-20190623134757-126b35219450/go.mod h1:skjdDftzkFALcuGzYSklqYd8gvat6F1gZJ4YPVbkZpM=
github.com/pkg/errors v0.9.1/go.mod h1:bwawxfHBFNV+L2hUp1rHADufV3IMtnDRdf1r5NINEl0=
github.com/pmezard/go-difflib v1.0.0/go.mod h1:iKH77koFhYxTK1pcRnkKkqfTogsbg7gZNVY4sRDYZ/4=
github.com/qor/action_bar v0.0.0-20190314070413-136e5e2c5b8c h1:tH4cZbUQnYl96Z9LBtcTSSjeZYJyK34CcjC0xGOTJ4g=
github.com/qor/action_bar v0.0.0-20190314070413-136e5e2c5b8c/go.mod h1:R3YfRk2jIBUj7T2/ZayTp5TYr4CDL3UFwZ0qM8P/3kk=
github.com/qor/activity v0.0.0-20200811092352-90459af9e92a h1:8JohgBEX9zHDFE7d10dIv1PNqXPTbqWsOa4PCiWL3s8=
github.com/qor/activity v0.0.0-20200811092352-90459af9e92a/go.mod h1:qs5+ZsItuTY2atj5JS4q6yJDW9R2Fso+85pskjsQ44w=
github.com/qor/admin v0.0.0-20200701030804-02d81a10a8bf/go.mod h1:Sm5kX+Hkq1LKiFyqZJLnncUg8dWM/2roOEiy98NOUzA=
github.com/qor/admin v0.0.0-20200728131616-564dfca36b14/go.mod h1:TiMo/I9p4pjVFtLI8+ellx2YbeiirVYcoh5UrQc9v9I=
github.com/qor/admin v0.0.0-20200817104000-4fc895ffbb89 h1:jzFgn3N1Ws5N63dozNDdTk6x4hUnlPnYDjj5wxYAvdo=
github.com/qor/admin v0.0.0-20200817104000-4fc895ffbb89/go.mod h1:TiMo/I9p4pjVFtLI8+ellx2YbeiirVYcoh5UrQc9v9I=
github.com/qor/amazon-pay-sdk-go v0.0.0-20190701100107-10aa1a55e598 h1:m6Chj/jhmQjyLm6GJmku+k0HXWHtDybntSGoNv10muc=
github.com/qor/amazon-pay-sdk-go v0.0.0-20190701100107-10aa1a55e598/go.mod h1:gQxHnm+FoKTkGzfIQ/4i89wDc7/J0kra9qWDfKcO40M=
github.com/qor/assetfs v0.0.0-20170713023933-ff57fdc13a14 h1:JRpyNNSRAkwNHd4WgyPcalTAhxOCh3eFNMoQkxWhjSw=
github.com/qor/assetfs v0.0.0-20170713023933-ff57fdc13a14/go.mod h1:GZSCP3jIneuPsav3pXmpmJwz9ES+Fuq4ZPOUC3wwckQ=
github.com/qor/audited v0.0.0-20171228121055-b52c9c2f0571 h1:87fy9oxrDUTN77K9VwHkmyNynRYl+Kn7HkX2HZbQYrE=
github.com/qor/audited v0.0.0-20171228121055-b52c9c2f0571/go.mod h1:XQ/SY+Bgd2pHTAQhsSwN7KoCJSr8jJVnUqDMPk9rhYk=
github.com/qor/auth v0.0.0-20190603071357-709ba0ce943b h1:Kl7t/WDqmFFyo5oKFd3toWtJPHED+lB/Iww9EjTaMMA=
github.com/qor/auth v0.0.0-20190603071357-709ba0ce943b/go.mod h1:W1ePrrC11DHVhm3nNdIhvD5X23supw1uqTv+EtTUTHs=
github.com/qor/auth v0.0.0-20200821031350-0eb16b721fea h1:7ux0w24r1l+bJRf23LANJr1DZD7E8HOhG1YndAOqSxM=
github.com/qor/auth v0.0.0-20200821031350-0eb16b721fea/go.mod h1:pNZf4EoqpcfAih/j+2t7eFH1MDzgiDj+WwgJqz9fcXU=
github.com/qor/auth v0.0.0-20200821033322-48fb1362fec6 h1:H3D0n1R0EO3rqZGkRqiCY4yFE/LleEwJOK7LV03SHPg=
github.com/qor/auth v0.0.0-20200821033322-48fb1362fec6/go.mod h1:pNZf4EoqpcfAih/j+2t7eFH1MDzgiDj+WwgJqz9fcXU=
github.com/qor/auth v0.0.0-20200821034127-11d4c974507d h1:hM2ns8r1ld8OzK8MMPTYhiIAC5VsYsCpSEp16zp9K5k=
github.com/qor/auth v0.0.0-20200821034127-11d4c974507d/go.mod h1:pNZf4EoqpcfAih/j+2t7eFH1MDzgiDj+WwgJqz9fcXU=
github.com/qor/auth_themes v0.0.0-20190103025702-000e8ac9b42d h1:Dp3/5A9jw3G56Pc40QSrcW8NlHYEBE0EFZImsqSqwDQ=
github.com/qor/auth_themes v0.0.0-20190103025702-000e8ac9b42d/go.mod h1:sbQN/eJ8JzTcYRoFlgzuf7UeEfqqpvCYDBHOveC+Ktw=
github.com/qor/banner_editor v0.0.0-20181014061955-007b0b21481e h1:DiWQaAZIKUo/wQ10gtfIKOK3opwa7m7M9xZSm2zzlcM=
github.com/qor/banner_editor v0.0.0-20181014061955-007b0b21481e/go.mod h1:nPKq9kxHfFTl8WapTbvMdldUOufELgTQUeuKecj7Lxw=
github.com/qor/cache v0.0.0-20171031031927-c9d48d1f13ba h1:XBEqqX1xirq3pYMGw8Jr0urCfhPXbJEh1KPwKLd24MM=
github.com/qor/cache v0.0.0-20171031031927-c9d48d1f13ba/go.mod h1:DvjFc9BNYPuokuaZVaXvVukLqqkYDlToNC+Gszv3oRs=
github.com/qor/exchange v0.0.0-20190805090509-cbc64a40aa7c h1:7FLAcLbtL9km0ozX/53miBOLpDi4uN9X0w8lcT5+9ro=
github.com/qor/exchange v0.0.0-20190805090509-cbc64a40aa7c/go.mod h1:QrwtY6zppYzo3c1b5i+8oyZlnM9OCzjpoJX4xBzqJ7I=
github.com/qor/exchange v0.0.0-20200427062953-c819ac32cea0 h1:eu3zaBkeH1zLY9ZxQg83QgxMJwd1RL1IyXqcLP+U9/c=
github.com/qor/exchange v0.0.0-20200427062953-c819ac32cea0/go.mod h1:QrwtY6zppYzo3c1b5i+8oyZlnM9OCzjpoJX4xBzqJ7I=
github.com/qor/gomerchant v0.0.0-20180611045240-df0ba7636236 h1:EDV6kcCLGJIkORI8BiwQMAL54Tcci+t/FRiRDGq6h7g=
github.com/qor/gomerchant v0.0.0-20180611045240-df0ba7636236/go.mod h1:nTC+srKyTkx/zRbNC5NHszmFozq0uUb88BZeBphgwpY=
github.com/qor/help v0.0.0-20171031093129-202965d1156a h1:oHAkPkHJeyt6XFjXlx4fw20dbnFdfnbCzYW0bNFF3qM=
github.com/qor/help v0.0.0-20171031093129-202965d1156a/go.mod h1:/aq3Dk6HUMlfufKdYD/Ywgdn4ElZLdAKcYFI4Z1Ek1Y=
github.com/qor/i18n v0.0.0-20181014061908-f7206d223bcd h1:vMNFvjn0dHz7Y+RedFPwvDore+i+DvjsEN33rsfUC+M=
github.com/qor/i18n v0.0.0-20181014061908-f7206d223bcd/go.mod h1:J1gDK288kgSz1oIV9MgV0JmL6pxtXxL/tN7MvCJB3V4=
github.com/qor/l10n v0.0.0-20181031091737-2ca95fb3b4dd h1:zMwbO23nfrcv6IqPbY4KknT7RqhDO6sg7VaV5WoyujA=
github.com/qor/l10n v0.0.0-20181031091737-2ca95fb3b4dd/go.mod h1:SL121FdEw7YlEMYbqngGLjRZbzyxSnxCFGWTnVHgNfM=
github.com/qor/location v0.0.0-20181014061834-8c618bfef8ed h1:wBPIj4R+7HXOkh5o51VKmk9PNt2tZnA/pQjE1u04Twc=
github.com/qor/location v0.0.0-20181014061834-8c618bfef8ed/go.mod h1:q4aUMx0QnWb1rQclDzidTidm0rosO1UYmNzsaj/yVq0=
github.com/qor/mailer v0.0.0-20180329083248-0555e49f99ac h1:dONvA5yiZ6LXQ9pEgepLHqtcuhYnzOJfzkLirfs9xos=
github.com/qor/mailer v0.0.0-20180329083248-0555e49f99ac/go.mod h1:83J4znr9Zj5OF4XPQzh+HFGPwUfXrYPCixwSc+QXTYM=
github.com/qor/media v0.0.0-20200720100650-60c52edf57cb h1:LgWyG2gPmfiEukIo0yjlQ93oWWyTbmvX04rcOs4SDtk=
github.com/qor/media v0.0.0-20200720100650-60c52edf57cb/go.mod h1:hzx9cTt5MpROMVIhwNhRJETc7e3a1J4bLNYflkcQ1wk=
github.com/qor/middlewares v0.0.0-20170822143614-781378b69454 h1:+WCc1IigwWpWBxMFsmLUsIF230TakGHstDajd8aKDAc=
github.com/qor/middlewares v0.0.0-20170822143614-781378b69454/go.mod h1:PejEyg3hS+Toh5m0AKRv2jK5br8qIoHLqmHrpg0WJYg=
github.com/qor/notification v0.0.0-20181014061619-c4c002490b78 h1:XYgu511isuQ7VuezI8ybpQY1UT/RWa3iUqITllLynZI=
github.com/qor/notification v0.0.0-20181014061619-c4c002490b78/go.mod h1:iDlj/2Qcr7lwzzg1/bflqU9Owonnir/HAS2NQuU5XnY=
github.com/qor/oss v0.0.0-20191031055114-aef9ba66bf76 h1:J2Xj92efYLxPl3BiibgEDEUiMsCBzwTurE/8JjD8CG4=
github.com/qor/oss v0.0.0-20191031055114-aef9ba66bf76/go.mod h1:JhtPzUhP5KGtCB2yksmxuYAD4hEWw4qGQJpucjsm3U0=
github.com/qor/page_builder v0.0.0-20190619064344-2e4b0d81d42d h1:CdciX0mTBjryamor69j7DY0v3K36a9uySImbxTN1PME=
github.com/qor/page_builder v0.0.0-20190619064344-2e4b0d81d42d/go.mod h1:19Ay+41Yl4/bBxmIihVN66n43Yf+pZz4hpKNlxPe0v0=
github.com/qor/publish v0.0.0-20181014061411-abfbacee9e0d h1:U+g8WMSHCibub/ZnX5gIG8SKk8d1UA0Ppv863vGhfoE=
github.com/qor/publish v0.0.0-20181014061411-abfbacee9e0d/go.mod h1:rsJ6QTqNLOPY3xaWmphqPkMqqbBPS8pAwkJWY+t5XHg=
github.com/qor/publish2 v0.0.0-20200106024649-fcb930aa85ac/go.mod h1:f29A86/3KWWIOAsHjZP4gVb/PHHtPIONEm5ZrjqTU9A=
github.com/qor/publish2 v0.0.0-20200729081509-d97fdb5620a5 h1:yPZKRv1lxMYphCyWyzUYvqXH8NvSNr8O/LwNeSONp8E=
github.com/qor/publish2 v0.0.0-20200729081509-d97fdb5620a5/go.mod h1:eWD99pi0Tv8eO0V+cdDxTpJEZYuxjMzQ0oBo0DRx8vE=
github.com/qor/qor v0.0.0-20200715033016-13227382be83/go.mod h1:oG+LgDEnsI9avcFFdczoZnBe3rw42s4cG433w6XpEig=
github.com/qor/qor v0.0.0-20200729071734-d587cffbbb93 h1:kxseRCbX7NxSvKYSO1rXQCALzl3YLZvooxhhQdA23fU=
github.com/qor/qor v0.0.0-20200729071734-d587cffbbb93/go.mod h1:i3WqgQWpyNJRB9D3ewgthf5/8fR/ALcvPGUqu5vHZA8=
github.com/qor/redirect_back v0.0.0-20170907030740-b4161ed6f848 h1:p8fFfW3hQzNMqXxr+LBrr82MIXoUi1HCXbeM8oCgfnw=
github.com/qor/redirect_back v0.0.0-20170907030740-b4161ed6f848/go.mod h1:AVSTi6lUuohiM2HbnXuN07YucBDRSGHaKz8jAI2DYOU=
github.com/qor/render v1.1.1 h1:DaGaKlf0OzpOB+hJUEiOTbZ40mg+n+LlSJx20/KUfes=
github.com/qor/render v1.1.1/go.mod h1:0cGVpTjSVSjjyrhLiLTMgbMeblLQba7vcKkZHMLlYJw=
github.com/qor/responder v0.0.0-20171031032654-b6def473574f h1:sKELSAyL+z5BRHFe97Bx71z197cBEobVJ6rASKTMSqU=
github.com/qor/responder v0.0.0-20171031032654-b6def473574f/go.mod h1:0TL2G+qGDYhHJ6XIJ6UcqkZVN+jp8AGqGU2wDnv2qas=
github.com/qor/roles v0.0.0-20171127035124-d6375609fe3e h1:F0BNcPJKfubM/+IIILu/GbrH9v2vPZWQ5/StSRKUfK4=
github.com/qor/roles v0.0.0-20171127035124-d6375609fe3e/go.mod h1:++RicL9Ia/BrQHppwAsMc5CA7mAjnBLNniB46MzUteA=
github.com/qor/seo v0.0.0-20200617034112-553e85d7d2fa h1:Q4tTfDyR90227pMv8U0JJon+rwH4xA+S+c9Q9YtVrRw=
github.com/qor/seo v0.0.0-20200617034112-553e85d7d2fa/go.mod h1:eKuas3EpeVHV2YHybplybkrulWnSgsNIRK3gdJBzwqE=
github.com/qor/serializable_meta v0.0.0-20180510060738-5fd8542db417 h1:dnqlvo4M/uR0KhB6Tyhsv6XbSokcpfwQ4ublD9D/PBQ=
github.com/qor/serializable_meta v0.0.0-20180510060738-5fd8542db417/go.mod h1:ZhRkze6qCgCNNqisHEFTAkndoBtY/XJbA03LJLJrzDY=
github.com/qor/session v0.0.0-20170907035918-8206b0adab70 h1:8l21EEdlZ9R0AA3FbeUAANc5NAx8Y3tn1VKbyAgjYlI=
github.com/qor/session v0.0.0-20170907035918-8206b0adab70/go.mod h1:ldgcaca0ZGx6tFtd/w0ELq5jHD/KLJ1Lbdn8qhr/pQ0=
github.com/qor/slug v0.0.0-20171031101006-545ed2e36452 h1:uzUEFWUF6iyaApoAKbQdBDMk771n6vpSqV3w5Ny6LqQ=
github.com/qor/slug v0.0.0-20171031101006-545ed2e36452/go.mod h1:Sa5oK6BdxuMYsW15EE6ej4SAq1uBy+crwLyXdEgqKM8=
github.com/qor/sorting v0.0.0-20200724034229-cdba739ba535 h1:uic2CBCjBtGSwss9NiknoB52PLUZustFRjXL3tkOTCE=
github.com/qor/sorting v0.0.0-20200724034229-cdba739ba535/go.mod h1:Nmne32NH9i0UnoO0z2tbzXEKbrptnR3RM1MoRYTgpaM=
github.com/qor/transition v0.0.0-20190608002025-f17b56902e4b h1:BWCw28MTKaHJ5QcES+yOfAn9yL4/MLaosNrXtt4gX78=
github.com/qor/transition v0.0.0-20190608002025-f17b56902e4b/go.mod h1:UaBYOdHVLYFAECiEuiKvKE7a4er4Eqhe5sjr838NW+4=
github.com/qor/validations v0.0.0-20171228122639-f364bca61b46 h1:dRlsVUhwD1pwrasuVbNooGQITYjKzmXK5eYoEEvBGQI=
github.com/qor/validations v0.0.0-20171228122639-f364bca61b46/go.mod h1:UJsA0AuvrKNaWtrb1UzKai10mN3ZBbQkPjUHpxwahTc=
github.com/qor/widget v0.0.0-20191022085246-e5b7fea87307 h1:GH4Dd69emagA1P3UJDz2trlzdLqlmvY9PxuEn0Cp8pQ=
github.com/qor/widget v0.0.0-20191022085246-e5b7fea87307/go.mod h1:jb+J4bwF2Tk2CNwayGG8wP8V+shIJm+ipUH/SrZL+3w=
github.com/qor/wildcard_router v0.0.0-20171031035524-56710e5bb5a4 h1:IVsdnfC20DIQwjYcEeH8z1UJC5SXTU052aY+KofU6FQ=
github.com/qor/wildcard_router v0.0.0-20171031035524-56710e5bb5a4/go.mod h1:3cy88sYfNCLaeYF0ikIfEVbvohMcq3wVexMlTiCRey4=
github.com/qor/worker v0.0.0-20190805090529-35a245417f70 h1:EUo1U/EGuZ/CQeLvdQoqwRA/lxcf0rIiZ/Cc101+hV4=
github.com/qor/worker v0.0.0-20190805090529-35a245417f70/go.mod h1:M+3u2k0/OiZCc4thYtdE2Cps+n5tOOfI7X7LdHUo9/k=
github.com/rainycape/unidecode v0.0.0-20150907023854-cb7f23ec59be h1:ta7tUOvsPHVHGom5hKW5VXNc2xZIkfCKP8iaqOyYtUQ=
github.com/rainycape/unidecode v0.0.0-20150907023854-cb7f23ec59be/go.mod h1:MIDFMn7db1kT65GmV94GzpX9Qdi7N/pQlwb+AN8wh+Q=
github.com/stretchr/objx v0.1.0/go.mod h1:HFkY916IF+rwdDfMAkV7OtwuqBVzrE8GR6GFx+wExME=
github.com/stretchr/testify v1.5.1/go.mod h1:5W2xD1RspED5o8YsWQXVCued0rvSQ+mT+I5cxcmMvtA=
github.com/tealeg/xlsx v1.0.5 h1:+f8oFmvY8Gw1iUXzPk+kz+4GpbDZPK1FhPiQRd+ypgE=
github.com/tealeg/xlsx v1.0.5/go.mod h1:btRS8dz54TDnvKNosuAqxrM1QgN1udgk9O34bDCnORM=
github.com/theplant/cldr v0.0.0-20190423050709-9f76f7ce4ee8 h1:di0cR5qqo2DllBMwmP75kZpUX6dAXhsn1O2dshQfMaA=
github.com/theplant/cldr v0.0.0-20190423050709-9f76f7ce4ee8/go.mod h1:MIL7SmF8wRAYDn+JexczVRUiJXTCi4VbQavsCKWKwXI=
github.com/theplant/htmltestingutils v0.0.0-20190423050759-0e06de7b6967/go.mod h1:86iN4EAYaQbx1VTW5uPslTIviRkYH8CzslMC//g+BgY=
github.com/theplant/testingutils v0.0.0-20190603093022-26d8b4d95c61/go.mod h1:p22Q3Bg5ML+hdI3QSQkB/pZ2+CjfOnGugoQIoyE2Ub8=
github.com/unrolled/render v1.0.3 h1:baO+NG1bZSF2WR4zwh+0bMWauWky7DVrTOfvE2w+aFo=
github.com/unrolled/render v1.0.3/go.mod h1:gN9T0NhL4Bfbwu8ann7Ry/TGHYfosul+J0obPf6NBdM=
github.com/yosssi/gohtml v0.0.0-20200519115854-476f5b4b8047/go.mod h1:+ccdNT0xMY1dtc5XBxumbYfOUhmduiGudqaDgD2rVRE=
golang.org/x/crypto v0.0.0-20190308221718-c2843e01d9a2/go.mod h1:djNgcEr1/C05ACkg1iLfiJU5Ep61QUkGW8qpdssI0+w=
golang.org/x/crypto v0.0.0-20190325154230-a5d413f7728c/go.mod h1:djNgcEr1/C05ACkg1iLfiJU5Ep61QUkGW8qpdssI0+w=
golang.org/x/crypto v0.0.0-20191205180655-e7c4368fe9dd/go.mod h1:LzIPMQfyMNhhGPhUkYOs5KpL4U8rLKemX1yGLhDgUto=
golang.org/x/crypto v0.0.0-20200728195943-123391ffb6de h1:ikNHVSjEfnvz6sxdSPCaPt572qowuyMDMJLLm3Db3ig=
golang.org/x/crypto v0.0.0-20200728195943-123391ffb6de/go.mod h1:LzIPMQfyMNhhGPhUkYOs5KpL4U8rLKemX1yGLhDgUto=
golang.org/x/crypto v0.0.0-20200820211705-5c72a883971a h1:vclmkQCjlDX5OydZ9wv8rBCcS0QyQY66Mpf/7BZbInM=
golang.org/x/crypto v0.0.0-20200820211705-5c72a883971a/go.mod h1:LzIPMQfyMNhhGPhUkYOs5KpL4U8rLKemX1yGLhDgUto=
golang.org/x/image v0.0.0-20191009234506-e7c1f5e7dbb8 h1:hVwzHzIUGRjiF7EcUjqNxk3NCfkPxbDKRdnNE1Rpg0U=
golang.org/x/image v0.0.0-20191009234506-e7c1f5e7dbb8/go.mod h1:FeLwcggjj3mMvU+oOTbSwawSJRM1uh48EjtB4UJZlP0=
golang.org/x/net v0.0.0-20180218175443-cbe0f9307d01/go.mod h1:mL1N/T3taQHkDXs73rZJwtUhF3w3ftmwwsq0BUmARs4=
golang.org/x/net v0.0.0-20180724234803-3673e40ba225/go.mod h1:mL1N/T3taQHkDXs73rZJwtUhF3w3ftmwwsq0BUmARs4=
golang.org/x/net v0.0.0-20181220203305-927f97764cc3/go.mod h1:mL1N/T3taQHkDXs73rZJwtUhF3w3ftmwwsq0BUmARs4=
golang.org/x/net v0.0.0-20190108225652-1e06a53dbb7e/go.mod h1:mL1N/T3taQHkDXs73rZJwtUhF3w3ftmwwsq0BUmARs4=
golang.org/x/net v0.0.0-20190404232315-eb5bcb51f2a3/go.mod h1:t9HGtf8HONx5eT2rtn7q6eTqICYqUVnKs3thJo3Qplg=
golang.org/x/net v0.0.0-20200202094626-16171245cfb2/go.mod h1:z5CRVTTTmAJ677TzLLGU+0bjPO0LkuOLi4/5GtJWs/s=
golang.org/x/net v0.0.0-20200324143707-d3edc9973b7e h1:3G+cUijn7XD+S4eJFddp53Pv7+slrESplyjG25HgL+k=
golang.org/x/net v0.0.0-20200324143707-d3edc9973b7e/go.mod h1:qpuaurCH72eLCgpAm/N6yyVIVM9cpaDIP3A8BGJEC5A=
golang.org/x/oauth2 v0.0.0-20200107190931-bf48bf16ab8d h1:TzXSXBo42m9gQenoE3b9BGiEpg5IG2JkU5FkPIawgtw=
golang.org/x/oauth2 v0.0.0-20200107190931-bf48bf16ab8d/go.mod h1:gOpvHmFTYa4IltrdGE7lF6nIHvwfUNPOp7c8zoXwtLw=
golang.org/x/sync v0.0.0-20181221193216-37e7f081c4d4/go.mod h1:RxMgew5VJxzue5/jJTE5uejpjVlOe/izrB70Jof72aM=
golang.org/x/sys v0.0.0-20190215142949-d0b11bdaac8a/go.mod h1:STP8DvDyc/dI5b8T5hshtkjS+E42TnysNCUPdjciGhY=
golang.org/x/sys v0.0.0-20190222072716-a9d3bda3a223/go.mod h1:STP8DvDyc/dI5b8T5hshtkjS+E42TnysNCUPdjciGhY=
golang.org/x/sys v0.0.0-20190412213103-97732733099d/go.mod h1:h1NjWce9XRLGQEsW7wpKNCjG9DtNlClVuFLEZdDNbEs=
golang.org/x/sys v0.0.0-20191026070338-33540a1f6037/go.mod h1:h1NjWce9XRLGQEsW7wpKNCjG9DtNlClVuFLEZdDNbEs=
golang.org/x/sys v0.0.0-20200323222414-85ca7c5b95cd/go.mod h1:h1NjWce9XRLGQEsW7wpKNCjG9DtNlClVuFLEZdDNbEs=
golang.org/x/text v0.3.0 h1:g61tztE5qeGQ89tm6NTjjM9VPIm088od1l6aSorWRWg=
golang.org/x/text v0.3.0/go.mod h1:NqM8EUOU14njkJ3fqMW+pc6Ldnwhi/IjpwHt7yyuwOQ=
google.golang.org/appengine v1.4.0/go.mod h1:xpcJRLb0r/rnEns0DIKYYv+WjYCduHsrkT7/EB5XEv4=
gopkg.in/check.v1 v0.0.0-20161208181325-20d25e280405/go.mod h1:Co6ibVJAznAaIkqp8huTwlJQCZ016jof/cbN4VW5Yz0=
gopkg.in/check.v1 v1.0.0-20190902080502-41f04d3bba15/go.mod h1:Co6ibVJAznAaIkqp8huTwlJQCZ016jof/cbN4VW5Yz0=
gopkg.in/yaml.v2 v2.2.2 h1:ZCJp+EgiOT7lHqUV2J862kp8Qj64Jo6az82+3Td9dZw=
gopkg.in/yaml.v2 v2.2.2/go.mod h1:hI93XBmqTisBFMUTm0b8Fm+jr3Dg1NNxqwp+5A1VGuI=
gorm.io/gorm v0.2.20/go.mod h1:0HFTzE/SqkGTzK6TlDPPQbAYCluiVvhzoA1+aVyzenw=
